
Microsoft Visual Studio Solution File, Format Version 12.00
# Visual Studio Version 17
VisualStudioVersion = 17.10.34928.147
MinimumVisualStudioVersion = 10.0.40219.1
Project("{9A19103F-16F7-4668-BE54-9A1E7A4F7556}") = "OssianForge", "OssianForge.csproj", "{27E9089F-F405-4403-93F1-C9864756C897}"
EndProject
Global
	GlobalSection(SolutionConfigurationPlatforms) = preSolution
		Debug|Any CPU = Debug|Any CPU
		Release|Any CPU = Release|Any CPU
	EndGlobalSection
	GlobalSection(ProjectConfigurationPlatforms) = postSolution
		{27E9089F-F405-4403-93F1-C9864756C897}.Debug|Any CPU.ActiveCfg = Debug|Any CPU
		{27E9089F-F405-4403-93F1-C9864756C897}.Debug|Any CPU.Build.0 = Debug|Any CPU
		{27E9089F-F405-4403-93F1-C9864756C897}.Release|Any CPU.ActiveCfg = Release|Any CPU
		{27E9089F-F405-4403-93F1-C9864756C897}.Release|Any CPU.Build.0 = Release|Any CPU
	EndGlobalSection
	GlobalSection(SolutionProperties) = preSolution
		HideSolutionNode = FALSE
	EndGlobalSection
	GlobalSection(ExtensibilityGlobals) = postSolution
		SolutionGuid = {AD3BA46B-07E3-40E7-A6E8-3C220AC25C2C}
	EndGlobalSection
EndGlobal
